
Microsoft Visual Studio Solution File, Format Version 12.00
# Visual Studio 14
VisualStudioVersion = 14.0.25420.1
MinimumVisualStudioVersion = 10.0.40219.1
Project("{FAE04EC0-301F-11D3-BF4B-00C04F79EFBC}") = "TurtleGame", "TurtleGame\TurtleGame.csproj", "{1AB5503A-B076-474C-A178-DFB8CC5EB826}"
EndProject
Project("{FAE04EC0-301F-11D3-BF4B-00C04F79EFBC}") = "TurtleGame.Models", "TurtleGame.Models\TurtleGame.Models.csproj", "{4E4F10D8-78F6-412A-88D1-FAC87F21159A}"
EndProject
Project("{FAE04EC0-301F-11D3-BF4B-00C04F79EFBC}") = "TurtleGame.Tests", "TurtleGame.ModelsTests\TurtleGame.Tests.csproj", "{A3F5CEE2-DB87-4AFB-96AE-2A06A050B94A}"
EndProject
Global
	GlobalSection(SolutionConfigurationPlatforms) = preSolution
		Debug|Any CPU = Debug|Any CPU
		Release|Any CPU = Release|Any CPU
	EndGlobalSection
	GlobalSection(ProjectConfigurationPlatforms) = postSolution
		{1AB5503A-B076-474C-A178-DFB8CC5EB826}.Debug|Any CPU.ActiveCfg = Debug|Any CPU
		{1AB5503A-B076-474C-A178-DFB8CC5EB826}.Debug|Any CPU.Build.0 = Debug|Any CPU
		{1AB5503A-B076-474C-A178-DFB8CC5EB826}.Release|Any CPU.ActiveCfg = Release|Any CPU
		{1AB5503A-B076-474C-A178-DFB8CC5EB826}.Release|Any CPU.Build.0 = Release|Any CPU
		{4E4F10D8-78F6-412A-88D1-FAC87F21159A}.Debug|Any CPU.ActiveCfg = Debug|Any CPU
		{4E4F10D8-78F6-412A-88D1-FAC87F21159A}.Debug|Any CPU.Build.0 = Debug|Any CPU
		{4E4F10D8-78F6-412A-88D1-FAC87F21159A}.Release|Any CPU.ActiveCfg = Release|Any CPU
		{4E4F10D8-78F6-412A-88D1-FAC87F21159A}.Release|Any CPU.Build.0 = Release|Any CPU
		{A3F5CEE2-DB87-4AFB-96AE-2A06A050B94A}.Debug|Any CPU.ActiveCfg = Debug|Any CPU
		{A3F5CEE2-DB87-4AFB-96AE-2A06A050B94A}.Debug|Any CPU.Build.0 = Debug|Any CPU
		{A3F5CEE2-DB87-4AFB-96AE-2A06A050B94A}.Release|Any CPU.ActiveCfg = Release|Any CPU
		{A3F5CEE2-DB87-4AFB-96AE-2A06A050B94A}.Release|Any CPU.Build.0 = Release|Any CPU
	EndGlobalSection
	GlobalSection(SolutionProperties) = preSolution
		HideSolutionNode = FALSE
	EndGlobalSection
EndGlobal
